
Microsoft Visual Studio Solution File, Format Version 12.00
# Visual Studio Version 16
VisualStudioVersion = 16.0.29814.53
MinimumVisualStudioVersion = 10.0.40219.1
Project("{FAE04EC0-301F-11D3-BF4B-00C04F79EFBC}") = "RdpHelper", "RdpHelper.csproj", "{C8A2A7AD-1CE3-47E8-92CC-D6D727767F0A}"
EndProject
Project("{FAE04EC0-301F-11D3-BF4B-00C04F79EFBC}") = "Test", "..\ConsoleAPP\Test\Test.csproj", "{344E09B3-96F9-4958-830F-A4D460D86587}"
EndProject
Project("{2150E333-8FDC-42A3-9474-1A3956D46DE8}") = "Solution Items", "Solution Items", "{FD701868-E78D-484A-82EF-63144107CE2C}"
	ProjectSection(SolutionItems) = preProject
		.editorconfig = .editorconfig
	EndProjectSection
EndProject
Global
	GlobalSection(SolutionConfigurationPlatforms) = preSolution
		Debug|Any CPU = Debug|Any CPU
		Release|Any CPU = Release|Any CPU
	EndGlobalSection
	GlobalSection(ProjectConfigurationPlatforms) = postSolution
		{C8A2A7AD-1CE3-47E8-92CC-D6D727767F0A}.Debug|Any CPU.ActiveCfg = Debug|Any CPU
		{C8A2A7AD-1CE3-47E8-92CC-D6D727767F0A}.Debug|Any CPU.Build.0 = Debug|Any CPU
		{C8A2A7AD-1CE3-47E8-92CC-D6D727767F0A}.Release|Any CPU.ActiveCfg = Release|Any CPU
		{C8A2A7AD-1CE3-47E8-92CC-D6D727767F0A}.Release|Any CPU.Build.0 = Release|Any CPU
		{344E09B3-96F9-4958-830F-A4D460D86587}.Debug|Any CPU.ActiveCfg = Debug|Any CPU
		{344E09B3-96F9-4958-830F-A4D460D86587}.Debug|Any CPU.Build.0 = Debug|Any CPU
		{344E09B3-96F9-4958-830F-A4D460D86587}.Release|Any CPU.ActiveCfg = Release|Any CPU
		{344E09B3-96F9-4958-830F-A4D460D86587}.Release|Any CPU.Build.0 = Release|Any CPU
	EndGlobalSection
	GlobalSection(SolutionProperties) = preSolution
		HideSolutionNode = FALSE
	EndGlobalSection
	GlobalSection(ExtensibilityGlobals) = postSolution
		SolutionGuid = {E4F87349-CB28-45B1-9F53-63404B024191}
	EndGlobalSection
EndGlobal
